// !$*UTF8*$!
{
	archiveVersion = 1;
	classes = {
	};
	objectVersion = 50;
	objects = {

/* Begin PBXBuildFile section */
		20838C6A23D48B490087F9F6 /* AppDelegate.swift in Sources */ = {isa = PBXBuildFile; fileRef = 20838C6923D48B490087F9F6 /* AppDelegate.swift */; };
		20838C6C23D48B490087F9F6 /* ViewController.swift in Sources */ = {isa = PBXBuildFile; fileRef = 20838C6B23D48B490087F9F6 /* ViewController.swift */; };
		20838C6F23D48B490087F9F6 /* Main.storyboard in Resources */ = {isa = PBXBuildFile; fileRef = 20838C6D23D48B490087F9F6 /* Main.storyboard */; };
		20838C7123D48B4A0087F9F6 /* Assets.xcassets in Resources */ = {isa = PBXBuildFile; fileRef = 20838C7023D48B4A0087F9F6 /* Assets.xcassets */; };
		20838C7423D48B4A0087F9F6 /* LaunchScreen.storyboard in Resources */ = {isa = PBXBuildFile; fileRef = 20838C7223D48B4A0087F9F6 /* LaunchScreen.storyboard */; };
		20838C7F23D48B4B0087F9F6 /* Gousto_app2Tests.swift in Sources */ = {isa = PBXBuildFile; fileRef = 20838C7E23D48B4B0087F9F6 /* Gousto_app2Tests.swift */; };
		20838C8A23D48B4B0087F9F6 /* Gousto_app2UITests.swift in Sources */ = {isa = PBXBuildFile; fileRef = 20838C8923D48B4B0087F9F6 /* Gousto_app2UITests.swift */; };
/* End PBXBuildFile section */

/* Begin PBXContainerItemProxy section */
		20838C7B23D48B4B0087F9F6 /* PBXContainerItemProxy */ = {
			isa = PBXContainerItemProxy;
			containerPortal = 20838C5E23D48B490087F9F6 /* Project object */;
			proxyType = 1;
			remoteGlobalIDString = 20838C6523D48B490087F9F6;
			remoteInfo = Gousto_app2;
		};
		20838C8623D48B4B0087F9F6 /* PBXContainerItemProxy */ = {
			isa = PBXContainerItemProxy;
			containerPortal = 20838C5E23D48B490087F9F6 /* Project object */;
			proxyType = 1;
			remoteGlobalIDString = 20838C6523D48B490087F9F6;
			remoteInfo = Gousto_app2;
		};
/* End PBXContainerItemProxy section */

/* Begin PBXFileReference section */
		20838C6623D48B490087F9F6 /* Gousto_app2.app */ = {isa = PBXFileReference; explicitFileType = wrapper.application; includeInIndex = 0; path = Gousto_app2.app; sourceTree = BUILT_PRODUCTS_DIR; };
		20838C6923D48B490087F9F6 /* AppDelegate.swift */ = {isa = PBXFileReference; lastKnownFileType = sourcecode.swift; path = AppDelegate.swift; sourceTree = "<group>"; };
		20838C6B23D48B490087F9F6 /* ViewController.swift */ = {isa = PBXFileReference; lastKnownFileType = sourcecode.swift; path = ViewController.swift; sourceTree = "<group>"; };
		20838C6E23D48B490087F9F6 /* Base */ = {isa = PBXFileReference; lastKnownFileType = file.storyboard; name = Base; path = Base.lproj/Main.storyboard; sourceTree = "<group>"; };
		20838C7023D48B4A0087F9F6 /* Assets.xcassets */ = {isa = PBXFileReference; lastKnownFileType = folder.assetcatalog; path = Assets.xcassets; sourceTree = "<group>"; };
		20838C7323D48B4A0087F9F6 /* Base */ = {isa = PBXFileReference; lastKnownFileType = file.storyboard; name = Base; path = Base.lproj/LaunchScreen.storyboard; sourceTree = "<group>"; };
		20838C7523D48B4A0087F9F6 /* Info.plist */ = {isa = PBXFileReference; lastKnownFileType = text.plist.xml; path = Info.plist; sourceTree = "<group>"; };
		20838C7A23D48B4B0087F9F6 /* Gousto_app2Tests.xctest */ = {isa = PBXFileReference; explicitFileType = wrapper.cfbundle; includeInIndex = 0; path = Gousto_app2Tests.xctest; sourceTree = BUILT_PRODUCTS_DIR; };
		20838C7E23D48B4B0087F9F6 /* Gousto_app2Tests.swift */ = {isa = PBXFileReference; lastKnownFileType = sourcecode.swift; path = Gousto_app2Tests.swift; sourceTree = "<group>"; };
		20838C8023D48B4B0087F9F6 /* Info.plist */ = {isa = PBXFileReference; lastKnownFileType = text.plist.xml; path = Info.plist; sourceTree = "<group>"; };
		20838C8523D48B4B0087F9F6 /* Gousto_app2UITests.xctest */ = {isa = PBXFileReference; explicitFileType = wrapper.cfbundle; includeInIndex = 0; path = Gousto_app2UITests.xctest; sourceTree = BUILT_PRODUCTS_DIR; };
		20838C8923D48B4B0087F9F6 /* Gousto_app2UITests.swift */ = {isa = PBXFileReference; lastKnownFileType = sourcecode.swift; path = Gousto_app2UITests.swift; sourceTree = "<group>"; };
		20838C8B23D48B4B0087F9F6 /* Info.plist */ = {isa = PBXFileReference; lastKnownFileType = text.plist.xml; path = Info.plist; sourceTree = "<group>"; };
/* End PBXFileReference section */

/* Begin PBXFrameworksBuildPhase section */
		20838C6323D48B490087F9F6 /* Frameworks */ = {
			isa = PBXFrameworksBuildPhase;
			buildActionMask = 2147483647;
			files = (
			);
			runOnlyForDeploymentPostprocessing = 0;
		};
		20838C7723D48B4B0087F9F6 /* Frameworks */ = {
			isa = PBXFrameworksBuildPhase;
			buildActionMask = 2147483647;
			files = (
			);
			runOnlyForDeploymentPostprocessing = 0;
		};
		20838C8223D48B4B0087F9F6 /* Frameworks */ = {
			isa = PBXFrameworksBuildPhase;
			buildActionMask = 2147483647;
			files = (
			);
			runOnlyForDeploymentPostprocessing = 0;
		};
/* End PBXFrameworksBuildPhase section */

/* Begin PBXGroup section */
		20838C5D23D48B490087F9F6 = {
			isa = PBXGroup;
			children = (
				20838C6823D48B490087F9F6 /* Gousto_app2 */,
				20838C7D23D48B4B0087F9F6 /* Gousto_app2Tests */,
				20838C8823D48B4B0087F9F6 /* Gousto_app2UITests */,
				20838C6723D48B490087F9F6 /* Products */,
			);
			sourceTree = "<group>";
		};
		20838C6723D48B490087F9F6 /* Products */ = {
			isa = PBXGroup;
			children = (
				20838C6623D48B490087F9F6 /* Gousto_app2.app */,
				20838C7A23D48B4B0087F9F6 /* Gousto_app2Tests.xctest */,
				20838C8523D48B4B0087F9F6 /* Gousto_app2UITests.xctest */,
			);
			name = Products;
			sourceTree = "<group>";
		};
		20838C6823D48B490087F9F6 /* Gousto_app2 */ = {
			isa = PBXGroup;
			children = (
				20838C6923D48B490087F9F6 /* AppDelegate.swift */,
				20838C6B23D48B490087F9F6 /* ViewController.swift */,
				20838C6D23D48B490087F9F6 /* Main.storyboard */,
				20838C7023D48B4A0087F9F6 /* Assets.xcassets */,
				20838C7223D48B4A0087F9F6 /* LaunchScreen.storyboard */,
				20838C7523D48B4A0087F9F6 /* Info.plist */,
			);
			path = Gousto_app2;
			sourceTree = "<group>";
		};
		20838C7D23D48B4B0087F9F6 /* Gousto_app2Tests */ = {
			isa = PBXGroup;
			children = (
				20838C7E23D48B4B0087F9F6 /* Gousto_app2Tests.swift */,
				20838C8023D48B4B0087F9F6 /* Info.plist */,
			);
			path = Gousto_app2Tests;
			sourceTree = "<group>";
		};
		20838C8823D48B4B0087F9F6 /* Gousto_app2UITests */ = {
			isa = PBXGroup;
			children = (
				20838C8923D48B4B0087F9F6 /* Gousto_app2UITests.swift */,
				20838C8B23D48B4B0087F9F6 /* Info.plist */,
			);
			path = Gousto_app2UITests;
			sourceTree = "<group>";
		};
/* End PBXGroup section */

/* Begin PBXNativeTarget section */
		20838C6523D48B490087F9F6 /* Gousto_app2 */ = {
			isa = PBXNativeTarget;
			buildConfigurationList = 20838C8E23D48B4B0087F9F6 /* Build configuration list for PBXNativeTarget "Gousto_app2" */;
			buildPhases = (
				20838C6223D48B490087F9F6 /* Sources */,
				20838C6323D48B490087F9F6 /* Frameworks */,
				20838C6423D48B490087F9F6 /* Resources */,
			);
			buildRules = (
			);
			dependencies = (
			);
			name = Gousto_app2;
			productName = Gousto_app2;
			productReference = 20838C6623D48B490087F9F6 /* Gousto_app2.app */;
			productType = "com.apple.product-type.application";
		};
		20838C7923D48B4B0087F9F6 /* Gousto_app2Tests */ = {
			isa = PBXNativeTarget;
			buildConfigurationList = 20838C9123D48B4B0087F9F6 /* Build configuration list for PBXNativeTarget "Gousto_app2Tests" */;
			buildPhases = (
				20838C7623D48B4B0087F9F6 /* Sources */,
				20838C7723D48B4B0087F9F6 /* Frameworks */,
				20838C7823D48B4B0087F9F6 /* Resources */,
			);
			buildRules = (
			);
			dependencies = (
				20838C7C23D48B4B0087F9F6 /* PBXTargetDependency */,
			);
			name = Gousto_app2Tests;
			productName = Gousto_app2Tests;
			productReference = 20838C7A23D48B4B0087F9F6 /* Gousto_app2Tests.xctest */;
			productType = "com.apple.product-type.bundle.unit-test";
		};
		20838C8423D48B4B0087F9F6 /* Gousto_app2UITests */ = {
			isa = PBXNativeTarget;
			buildConfigurationList = 20838C9423D48B4B0087F9F6 /* Build configuration list for PBXNativeTarget "Gousto_app2UITests" */;
			buildPhases = (
				20838C8123D48B4B0087F9F6 /* Sources */,
				20838C8223D48B4B0087F9F6 /* Frameworks */,
				20838C8323D48B4B0087F9F6 /* Resources */,
			);
			buildRules = (
			);
			dependencies = (
				20838C8723D48B4B0087F9F6 /* PBXTargetDependency */,
			);
			name = Gousto_app2UITests;
			productName = Gousto_app2UITests;
			productReference = 20838C8523D48B4B0087F9F6 /* Gousto_app2UITests.xctest */;
			productType = "com.apple.product-type.bundle.ui-testing";
		};
/* End PBXNativeTarget section */

/* Begin PBXProject section */
		20838C5E23D48B490087F9F6 /* Project object */ = {
			isa = PBXProject;
			attributes = {
				LastSwiftUpdateCheck = 1020;
				LastUpgradeCheck = 1020;
				ORGANIZATIONNAME = "Kriss Wiltshire";
				TargetAttributes = {
					20838C6523D48B490087F9F6 = {
						CreatedOnToolsVersion = 10.2.1;
					};
					20838C7923D48B4B0087F9F6 = {
						CreatedOnToolsVersion = 10.2.1;
						TestTargetID = 20838C6523D48B490087F9F6;
					};
					20838C8423D48B4B0087F9F6 = {
						CreatedOnToolsVersion = 10.2.1;
						TestTargetID = 20838C6523D48B490087F9F6;
					};
				};
			};
			buildConfigurationList = 20838C6123D48B490087F9F6 /* Build configuration list for PBXProject "Gousto_app2" */;
			compatibilityVersion = "Xcode 9.3";
			developmentRegion = en;
			hasScannedForEncodings = 0;
			knownRegions = (
				en,
				Base,
			);
			mainGroup = 20838C5D23D48B490087F9F6;
			productRefGroup = 20838C6723D48B490087F9F6 /* Products */;
			projectDirPath = "";
			projectRoot = "";
			targets = (
				20838C6523D48B490087F9F6 /* Gousto_app2 */,
				20838C7923D48B4B0087F9F6 /* Gousto_app2Tests */,
				20838C8423D48B4B0087F9F6 /* Gousto_app2UITests */,
			);
		};
/* End PBXProject section */

/* Begin PBXResourcesBuildPhase section */
		20838C6423D48B490087F9F6 /* Resources */ = {
			isa = PBXResourcesBuildPhase;
			buildActionMask = 2147483647;
			files = (
				20838C7423D48B4A0087F9F6 /* LaunchScreen.storyboard in Resources */,
				20838C7123D48B4A0087F9F6 /* Assets.xcassets in Resources */,
				20838C6F23D48B490087F9F6 /* Main.storyboard in Resources */,
			);
			runOnlyForDeploymentPostprocessing = 0;
		};
		20838C7823D48B4B0087F9F6 /* Resources */ = {
			isa = PBXResourcesBuildPhase;
			buildActionMask = 2147483647;
			files = (
			);
			runOnlyForDeploymentPostprocessing = 0;
		};
		20838C8323D48B4B0087F9F6 /* Resources */ = {
			isa = PBXResourcesBuildPhase;
			buildActionMask = 2147483647;
			files = (
			);
			runOnlyForDeploymentPostprocessing = 0;
		};
/* End PBXResourcesBuildPhase section */

/* Begin PBXSourcesBuildPhase section */
		20838C6223D48B490087F9F6 /* Sources */ = {
			isa = PBXSourcesBuildPhase;
			buildActionMask = 2147483647;
			files = (
				20838C6C23D48B490087F9F6 /* ViewController.swift in Sources */,
				20838C6A23D48B490087F9F6 /* AppDelegate.swift in Sources */,
			);
			runOnlyForDeploymentPostprocessing = 0;
		};
		20838C7623D48B4B0087F9F6 /* Sources */ = {
			isa = PBXSourcesBuildPhase;
			buildActionMask = 2147483647;
			files = (
				20838C7F23D48B4B0087F9F6 /* Gousto_app2Tests.swift in Sources */,
			);
			runOnlyForDeploymentPostprocessing = 0;
		};
		20838C8123D48B4B0087F9F6 /* Sources */ = {
			isa = PBXSourcesBuildPhase;
			buildActionMask = 2147483647;
			files = (
				20838C8A23D48B4B0087F9F6 /* Gousto_app2UITests.swift in Sources */,
			);
			runOnlyForDeploymentPostprocessing = 0;
		};
/* End PBXSourcesBuildPhase section */

/* Begin PBXTargetDependency section */
		20838C7C23D48B4B0087F9F6 /* PBXTargetDependency */ = {
			isa = PBXTargetDependency;
			target = 20838C6523D48B490087F9F6 /* Gousto_app2 */;
			targetProxy = 20838C7B23D48B4B0087F9F6 /* PBXContainerItemProxy */;
		};
		20838C8723D48B4B0087F9F6 /* PBXTargetDependency */ = {
			isa = PBXTargetDependency;
			target = 20838C6523D48B490087F9F6 /* Gousto_app2 */;
			targetProxy = 20838C8623D48B4B0087F9F6 /* PBXContainerItemProxy */;
		};
/* End PBXTargetDependency section */

/* Begin PBXVariantGroup section */
		20838C6D23D48B490087F9F6 /* Main.storyboard */ = {
			isa = PBXVariantGroup;
			children = (
				20838C6E23D48B490087F9F6 /* Base */,
			);
			name = Main.storyboard;
			sourceTree = "<group>";
		};
		20838C7223D48B4A0087F9F6 /* LaunchScreen.storyboard */ = {
			isa = PBXVariantGroup;
			children = (
				20838C7323D48B4A0087F9F6 /* Base */,
			);
			name = LaunchScreen.storyboard;
			sourceTree = "<group>";
		};
/* End PBXVariantGroup section */

/* Begin XCBuildConfiguration section */
		20838C8C23D48B4B0087F9F6 /* Debug */ = {
			isa = XCBuildConfiguration;
			buildSettings = {
				ALWAYS_SEARCH_USER_PATHS = NO;
				CLANG_ANALYZER_NONNULL = YES;
				CLANG_ANALYZER_NUMBER_OBJECT_CONVERSION = YES_AGGRESSIVE;
				CLANG_CXX_LANGUAGE_STANDARD = "gnu++14";
				CLANG_CXX_LIBRARY = "libc++";
				CLANG_ENABLE_MODULES = YES;
				CLANG_ENABLE_OBJC_ARC = YES;
				CLANG_ENABLE_OBJC_WEAK = YES;
				CLANG_WARN_BLOCK_CAPTURE_AUTORELEASING = YES;
				CLANG_WARN_BOOL_CONVERSION = YES;
				CLANG_WARN_COMMA = YES;
				CLANG_WARN_CONSTANT_CONVERSION = YES;
				CLANG_WARN_DEPRECATED_OBJC_IMPLEMENTATIONS = YES;
				CLANG_WARN_DIRECT_OBJC_ISA_USAGE = YES_ERROR;
				CLANG_WARN_DOCUMENTATION_COMMENTS = YES;
				CLANG_WARN_EMPTY_BODY = YES;
				CLANG_WARN_ENUM_CONVERSION = YES;
				CLANG_WARN_INFINITE_RECURSION = YES;
				CLANG_WARN_INT_CONVERSION = YES;
				CLANG_WARN_NON_LITERAL_NULL_CONVERSION = YES;
				CLANG_WARN_OBJC_IMPLICIT_RETAIN_SELF = YES;
				CLANG_WARN_OBJC_LITERAL_CONVERSION = YES;
				CLANG_WARN_OBJC_ROOT_CLASS = YES_ERROR;
				CLANG_WARN_RANGE_LOOP_ANALYSIS = YES;
				CLANG_WARN_STRICT_PROTOTYPES = YES;
				CLANG_WARN_SUSPICIOUS_MOVE = YES;
				CLANG_WARN_UNGUARDED_AVAILABILITY = YES_AGGRESSIVE;
				CLANG_WARN_UNREACHABLE_CODE = YES;
				CLANG_WARN__DUPLICATE_METHOD_MATCH = YES;
				CODE_SIGN_IDENTITY = "iPhone Developer";
				COPY_PHASE_STRIP = NO;
				DEBUG_INFORMATION_FORMAT = dwarf;
				ENABLE_STRICT_OBJC_MSGSEND = YES;
				ENABLE_TESTABILITY = YES;
				GCC_C_LANGUAGE_STANDARD = gnu11;
				GCC_DYNAMIC_NO_PIC = NO;
				GCC_NO_COMMON_BLOCKS = YES;
				GCC_OPTIMIZATION_LEVEL = 0;
				GCC_PREPROCESSOR_DEFINITIONS = (
					"DEBUG=1",
					"$(inherited)",
				);
				GCC_WARN_64_TO_32_BIT_CONVERSION = YES;
				GCC_WARN_ABOUT_RETURN_TYPE = YES_ERROR;
				GCC_WARN_UNDECLARED_SELECTOR = YES;
				GCC_WARN_UNINITIALIZED_AUTOS = YES_AGGRESSIVE;
				GCC_WARN_UNUSED_FUNCTION = YES;
				GCC_WARN_UNUSED_VARIABLE = YES;
				IPHONEOS_DEPLOYMENT_TARGET = 12.2;
				MTL_ENABLE_DEBUG_INFO = INCLUDE_SOURCE;
				MTL_FAST_MATH = YES;
				ONLY_ACTIVE_ARCH = YES;
				SDKROOT = iphoneos;
				SWIFT_ACTIVE_COMPILATION_CONDITIONS = DEBUG;
				SWIFT_OPTIMIZATION_LEVEL = "-Onone";
			};
			name = Debug;
		};
		20838C8D23D48B4B0087F9F6 /* Release */ = {
			isa = XCBuildConfiguration;
			buildSettings = {
				ALWAYS_SEARCH_USER_PATHS = NO;
				CLANG_ANALYZER_NONNULL = YES;
				CLANG_ANALYZER_NUMBER_OBJECT_CONVERSION = YES_AGGRESSIVE;
				CLANG_CXX_LANGUAGE_STANDARD = "gnu++14";
				CLANG_CXX_LIBRARY = "libc++";
				CLANG_ENABLE_MODULES = YES;
				CLANG_ENABLE_OBJC_ARC = YES;
				CLANG_ENABLE_OBJC_WEAK = YES;
				CLANG_WARN_BLOCK_CAPTURE_AUTORELEASING = YES;
				CLANG_WARN_BOOL_CONVERSION = YES;
				CLANG_WARN_COMMA = YES;
				CLANG_WARN_CONSTANT_CONVERSION = YES;
				CLANG_WARN_DEPRECATED_OBJC_IMPLEMENTATIONS = YES;
				CLANG_WARN_DIRECT_OBJC_ISA_USAGE = YES_ERROR;
				CLANG_WARN_DOCUMENTATION_COMMENTS = YES;
				CLANG_WARN_EMPTY_BODY = YES;
				CLANG_WARN_ENUM_CONVERSION = YES;
				CLANG_WARN_INFINITE_RECURSION = YES;
				CLANG_WARN_INT_CONVERSION = YES;
				CLANG_WARN_NON_LITERAL_NULL_CONVERSION = YES;
				CLANG_WARN_OBJC_IMPLICIT_RETAIN_SELF = YES;
				CLANG_WARN_OBJC_LITERAL_CONVERSION = YES;
				CLANG_WARN_OBJC_ROOT_CLASS = YES_ERROR;
				CLANG_WARN_RANGE_LOOP_ANALYSIS = YES;
				CLANG_WARN_STRICT_PROTOTYPES = YES;
				CLANG_WARN_SUSPICIOUS_MOVE = YES;
				CLANG_WARN_UNGUARDED_AVAILABILITY = YES_AGGRESSIVE;
				CLANG_WARN_UNREACHABLE_CODE = YES;
				CLANG_WARN__DUPLICATE_METHOD_MATCH = YES;
				CODE_SIGN_IDENTITY = "iPhone Developer";
				COPY_PHASE_STRIP = NO;
				DEBUG_INFORMATION_FORMAT = "dwarf-with-dsym";
				ENABLE_NS_ASSERTIONS = NO;
				ENABLE_STRICT_OBJC_MSGSEND = YES;
				GCC_C_LANGUAGE_STANDARD = gnu11;
				GCC_NO_COMMON_BLOCKS = YES;
				GCC_WARN_64_TO_32_BIT_CONVERSION = YES;
				GCC_WARN_ABOUT_RETURN_TYPE = YES_ERROR;
				GCC_WARN_UNDECLARED_SELECTOR = YES;
				GCC_WARN_UNINITIALIZED_AUTOS = YES_AGGRESSIVE;
				GCC_WARN_UNUSED_FUNCTION = YES;
				GCC_WARN_UNUSED_VARIABLE = YES;
				IPHONEOS_DEPLOYMENT_TARGET = 12.2;
				MTL_ENABLE_DEBUG_INFO = NO;
				MTL_FAST_MATH = YES;
				SDKROOT = iphoneos;
				SWIFT_COMPILATION_MODE = wholemodule;
				SWIFT_OPTIMIZATION_LEVEL = "-O";
				VALIDATE_PRODUCT = YES;
			};
			name = Release;
		};
		20838C8F23D48B4B0087F9F6 /* Debug */ = {
			isa = XCBuildConfiguration;
			buildSettings = {
				ASSETCATALOG_COMPILER_APPICON_NAME = AppIcon;
				CODE_SIGN_STYLE = Automatic;
				INFOPLIST_FILE = Gousto_app2/Info.plist;
				LD_RUNPATH_SEARCH_PATHS = (
					"$(inherited)",
					"@executable_path/Frameworks",
				);
				PRODUCT_BUNDLE_IDENTIFIER = "com.krisswiltshire.Gousto-app2";
				PRODUCT_NAME = "$(TARGET_NAME)";
				SWIFT_VERSION = 5.0;
				TARGETED_DEVICE_FAMILY = "1,2";
			};
			name = Debug;
		};
		20838C9023D48B4B0087F9F6 /* Release */ = {
			isa = XCBuildConfiguration;
			buildSettings = {
				ASSETCATALOG_COMPILER_APPICON_NAME = AppIcon;
				CODE_SIGN_STYLE = Automatic;
				INFOPLIST_FILE = Gousto_app2/Info.plist;
				LD_RUNPATH_SEARCH_PATHS = (
					"$(inherited)",
					"@executable_path/Frameworks",
				);
				PRODUCT_BUNDLE_IDENTIFIER = "com.krisswiltshire.Gousto-app2";
				PRODUCT_NAME = "$(TARGET_NAME)";
				SWIFT_VERSION = 5.0;
				TARGETED_DEVICE_FAMILY = "1,2";
			};
			name = Release;
		};
		20838C9223D48B4B0087F9F6 /* Debug */ = {
			isa = XCBuildConfiguration;
			buildSettings = {
				ALWAYS_EMBED_SWIFT_STANDARD_LIBRARIES = YES;
				BUNDLE_LOADER = "$(TEST_HOST)";
				CODE_SIGN_STYLE = Automatic;
				INFOPLIST_FILE = Gousto_app2Tests/Info.plist;
				LD_RUNPATH_SEARCH_PATHS = (
					"$(inherited)",
					"@executable_path/Frameworks",
					"@loader_path/Frameworks",
				);
				PRODUCT_BUNDLE_IDENTIFIER = "com.krisswiltshire.Gousto-app2Tests";
				PRODUCT_NAME = "$(TARGET_NAME)";
				SWIFT_VERSION = 5.0;
				TARGETED_DEVICE_FAMILY = "1,2";
				TEST_HOST = "$(BUILT_PRODUCTS_DIR)/Gousto_app2.app/Gousto_app2";
			};
			name = Debug;
		};
		20838C9323D48B4B0087F9F6 /* Release */ = {
			isa = XCBuildConfiguration;
			buildSettings = {
				ALWAYS_EMBED_SWIFT_STANDARD_LIBRARIES = YES;
				BUNDLE_LOADER = "$(TEST_HOST)";
				CODE_SIGN_STYLE = Automatic;
				INFOPLIST_FILE = Gousto_app2Tests/Info.plist;
				LD_RUNPATH_SEARCH_PATHS = (
					"$(inherited)",
					"@executable_path/Frameworks",
					"@loader_path/Frameworks",
				);
				PRODUCT_BUNDLE_IDENTIFIER = "com.krisswiltshire.Gousto-app2Tests";
				PRODUCT_NAME = "$(TARGET_NAME)";
				SWIFT_VERSION = 5.0;
				TARGETED_DEVICE_FAMILY = "1,2";
				TEST_HOST = "$(BUILT_PRODUCTS_DIR)/Gousto_app2.app/Gousto_app2";
			};
			name = Release;
		};
		20838C9523D48B4B0087F9F6 /* Debug */ = {
			isa = XCBuildConfiguration;
			buildSettings = {
				ALWAYS_EMBED_SWIFT_STANDARD_LIBRARIES = YES;
				CODE_SIGN_STYLE = Automatic;
				INFOPLIST_FILE = Gousto_app2UITests/Info.plist;
				LD_RUNPATH_SEARCH_PATHS = (
					"$(inherited)",
					"@executable_path/Frameworks",
					"@loader_path/Frameworks",
				);
				PRODUCT_BUNDLE_IDENTIFIER = "com.krisswiltshire.Gousto-app2UITests";
				PRODUCT_NAME = "$(TARGET_NAME)";
				SWIFT_VERSION = 5.0;
				TARGETED_DEVICE_FAMILY = "1,2";
				TEST_TARGET_NAME = Gousto_app2;
			};
			name = Debug;
		};
		20838C9623D48B4B0087F9F6 /* Release */ = {
			isa = XCBuildConfiguration;
			buildSettings = {
				ALWAYS_EMBED_SWIFT_STANDARD_LIBRARIES = YES;
				CODE_SIGN_STYLE = Automatic;
				INFOPLIST_FILE = Gousto_app2UITests/Info.plist;
				LD_RUNPATH_SEARCH_PATHS = (
					"$(inherited)",
					"@executable_path/Frameworks",
					"@loader_path/Frameworks",
				);
				PRODUCT_BUNDLE_IDENTIFIER = "com.krisswiltshire.Gousto-app2UITests";
				PRODUCT_NAME = "$(TARGET_NAME)";
				SWIFT_VERSION = 5.0;
				TARGETED_DEVICE_FAMILY = "1,2";
				TEST_TARGET_NAME = Gousto_app2;
			};
			name = Release;
		};
/* End XCBuildConfiguration section */

/* Begin XCConfigurationList section */
		20838C6123D48B490087F9F6 /* Build configuration list for PBXProject "Gousto_app2" */ = {
			isa = XCConfigurationList;
			buildConfigurations = (
				20838C8C23D48B4B0087F9F6 /* Debug */,
				20838C8D23D48B4B0087F9F6 /* Release */,
			);
			defaultConfigurationIsVisible = 0;
			defaultConfigurationName = Release;
		};
		20838C8E23D48B4B0087F9F6 /* Build configuration list for PBXNativeTarget "Gousto_app2" */ = {
			isa = XCConfigurationList;
			buildConfigurations = (
				20838C8F23D48B4B0087F9F6 /* Debug */,
				20838C9023D48B4B0087F9F6 /* Release */,
			);
			defaultConfigurationIsVisible = 0;
			defaultConfigurationName = Release;
		};
		20838C9123D48B4B0087F9F6 /* Build configuration list for PBXNativeTarget "Gousto_app2Tests" */ = {
			isa = XCConfigurationList;
			buildConfigurations = (
				20838C9223D48B4B0087F9F6 /* Debug */,
				20838C9323D48B4B0087F9F6 /* Release */,
			);
			defaultConfigurationIsVisible = 0;
			defaultConfigurationName = Release;
		};
		20838C9423D48B4B0087F9F6 /* Build configuration list for PBXNativeTarget "Gousto_app2UITests" */ = {
			isa = XCConfigurationList;
			buildConfigurations = (
				20838C9523D48B4B0087F9F6 /* Debug */,
				20838C9623D48B4B0087F9F6 /* Release */,
			);
			defaultConfigurationIsVisible = 0;
			defaultConfigurationName = Release;
		};
/* End XCConfigurationList section */
	};
	rootObject = 20838C5E23D48B490087F9F6 /* Project object */;
}
